
Microsoft Visual Studio Solution File, Format Version 12.00
# Visual Studio Version 17
VisualStudioVersion = 17.8.34330.188
MinimumVisualStudioVersion = 10.0.40219.1
Project("{FAE04EC0-301F-11D3-BF4B-00C04F79EFBC}") = "Utilizarea comenzilor de control", "Utilizarea comenzilor de control\Utilizarea comenzilor de control.csproj", "{2FD5AFAE-87A5-47D4-94BA-6620BBA6B008}"
EndProject
Global
	GlobalSection(SolutionConfigurationPlatforms) = preSolution
		Debug|Any CPU = Debug|Any CPU
		Release|Any CPU = Release|Any CPU
	EndGlobalSection
	GlobalSection(ProjectConfigurationPlatforms) = postSolution
		{2FD5AFAE-87A5-47D4-94BA-6620BBA6B008}.Debug|Any CPU.ActiveCfg = Debug|Any CPU
		{2FD5AFAE-87A5-47D4-94BA-6620BBA6B008}.Debug|Any CPU.Build.0 = Debug|Any CPU
		{2FD5AFAE-87A5-47D4-94BA-6620BBA6B008}.Release|Any CPU.ActiveCfg = Release|Any CPU
		{2FD5AFAE-87A5-47D4-94BA-6620BBA6B008}.Release|Any CPU.Build.0 = Release|Any CPU
	EndGlobalSection
	GlobalSection(SolutionProperties) = preSolution
		HideSolutionNode = FALSE
	EndGlobalSection
	GlobalSection(ExtensibilityGlobals) = postSolution
		SolutionGuid = {FCC9BFAE-1D0B-4D9F-925C-F156CAC2B8E6}
	EndGlobalSection
EndGlobal
